# THIS IS AN AUTOGENERATED FILE. DO NOT EDIT THIS FILE DIRECTLY.
# yarn lockfile v1


jquery-qrcode@^1.0.0:
  version "1.0.0"
  resolved "https://registry.yarnpkg.com/jquery-qrcode/-/jquery-qrcode-1.0.0.tgz#549d96679a1f6dcf48ac4af8d03ad84fd955dbae"
  integrity sha1-VJ2WZ5ofbc9IrEr40DrYT9lV264=

jquery@^3.5.1:
  version "3.5.1"
  resolved "https://registry.yarnpkg.com/jquery/-/jquery-3.5.1.tgz#d7b4d08e1bfdb86ad2f1a3d039ea17304717abb5"
  integrity sha512-XwIBPqcMn57FxfT+Go5pzySnm4KWkT1Tv7gjrpT1srtf8Weynl6R273VJ5GjkRb51IzMp5nbaPjJXMWeju2MKg==
